// !$*UTF8*$!
{
	archiveVersion = 1;
	classes = {
	};
	objectVersion = 56;
	objects = {

/* Begin PBXBuildFile section */
		13C59BD72B45D66200B581DE /* discospotApp.swift in Sources */ = {isa = PBXBuildFile; fileRef = 13C59BD62B45D66200B581DE /* discospotApp.swift */; };
		13C59BD92B45D66200B581DE /* ContentView.swift in Sources */ = {isa = PBXBuildFile; fileRef = 13C59BD82B45D66200B581DE /* ContentView.swift */; };
		13C59BDB2B45D66300B581DE /* Assets.xcassets in Resources */ = {isa = PBXBuildFile; fileRef = 13C59BDA2B45D66300B581DE /* Assets.xcassets */; };
		13C59BDE2B45D66300B581DE /* Preview Assets.xcassets in Resources */ = {isa = PBXBuildFile; fileRef = 13C59BDD2B45D66300B581DE /* Preview Assets.xcassets */; };
		13C59BF12B45D8D500B581DE /* ExploreView.swift in Sources */ = {isa = PBXBuildFile; fileRef = 13C59BF02B45D8D500B581DE /* ExploreView.swift */; };
		13C59BF32B45DA5D00B581DE /* ListingItemView.swift in Sources */ = {isa = PBXBuildFile; fileRef = 13C59BF22B45DA5D00B581DE /* ListingItemView.swift */; };
/* End PBXBuildFile section */

/* Begin PBXFileReference section */
		13C59BD32B45D66200B581DE /* discospot.app */ = {isa = PBXFileReference; explicitFileType = wrapper.application; includeInIndex = 0; path = discospot.app; sourceTree = BUILT_PRODUCTS_DIR; };
		13C59BD62B45D66200B581DE /* discospotApp.swift */ = {isa = PBXFileReference; lastKnownFileType = sourcecode.swift; path = discospotApp.swift; sourceTree = "<group>"; };
		13C59BD82B45D66200B581DE /* ContentView.swift */ = {isa = PBXFileReference; lastKnownFileType = sourcecode.swift; path = ContentView.swift; sourceTree = "<group>"; };
		13C59BDA2B45D66300B581DE /* Assets.xcassets */ = {isa = PBXFileReference; lastKnownFileType = folder.assetcatalog; path = Assets.xcassets; sourceTree = "<group>"; };
		13C59BDD2B45D66300B581DE /* Preview Assets.xcassets */ = {isa = PBXFileReference; lastKnownFileType = folder.assetcatalog; path = "Preview Assets.xcassets"; sourceTree = "<group>"; };
		13C59BF02B45D8D500B581DE /* ExploreView.swift */ = {isa = PBXFileReference; lastKnownFileType = sourcecode.swift; path = ExploreView.swift; sourceTree = "<group>"; };
		13C59BF22B45DA5D00B581DE /* ListingItemView.swift */ = {isa = PBXFileReference; lastKnownFileType = sourcecode.swift; path = ListingItemView.swift; sourceTree = "<group>"; };
/* End PBXFileReference section */

/* Begin PBXFrameworksBuildPhase section */
		13C59BD02B45D66200B581DE /* Frameworks */ = {
			isa = PBXFrameworksBuildPhase;
			buildActionMask = 2147483647;
			files = (
			);
			runOnlyForDeploymentPostprocessing = 0;
		};
/* End PBXFrameworksBuildPhase section */

/* Begin PBXGroup section */
		13C59BCA2B45D66200B581DE = {
			isa = PBXGroup;
			children = (
				13C59BD52B45D66200B581DE /* discospot */,
				13C59BD42B45D66200B581DE /* Products */,
			);
			sourceTree = "<group>";
		};
		13C59BD42B45D66200B581DE /* Products */ = {
			isa = PBXGroup;
			children = (
				13C59BD32B45D66200B581DE /* discospot.app */,
			);
			name = Products;
			sourceTree = "<group>";
		};
		13C59BD52B45D66200B581DE /* discospot */ = {
			isa = PBXGroup;
			children = (
				13C59BE42B45D67E00B581DE /* App */,
				13C59BE52B45D68500B581DE /* Core */,
				13C59BE82B45D6B400B581DE /* Utils */,
				13C59BE72B45D6AD00B581DE /* Models */,
				13C59BE62B45D6A200B581DE /* Extensions */,
				13C59BD62B45D66200B581DE /* discospotApp.swift */,
				13C59BD82B45D66200B581DE /* ContentView.swift */,
				13C59BDA2B45D66300B581DE /* Assets.xcassets */,
				13C59BDC2B45D66300B581DE /* Preview Content */,
			);
			path = discospot;
			sourceTree = "<group>";
		};
		13C59BDC2B45D66300B581DE /* Preview Content */ = {
			isa = PBXGroup;
			children = (
				13C59BDD2B45D66300B581DE /* Preview Assets.xcassets */,
			);
			path = "Preview Content";
			sourceTree = "<group>";
		};
		13C59BE42B45D67E00B581DE /* App */ = {
			isa = PBXGroup;
			children = (
			);
			path = App;
			sourceTree = "<group>";
		};
		13C59BE52B45D68500B581DE /* Core */ = {
			isa = PBXGroup;
			children = (
				13C59BEB2B45D79200B581DE /* Explore */,
				13C59BE92B45D76E00B581DE /* Listings */,
				13C59BEA2B45D78A00B581DE /* MapView */,
				13C59BEC2B45D79F00B581DE /* Profile */,
				13C59BEF2B45D7E500B581DE /* Root */,
				13C59BED2B45D7AA00B581DE /* TabBar */,
				13C59BEE2B45D7B200B581DE /* Wishlists */,
			);
			path = Core;
			sourceTree = "<group>";
		};
		13C59BE62B45D6A200B581DE /* Extensions */ = {
			isa = PBXGroup;
			children = (
			);
			path = Extensions;
			sourceTree = "<group>";
		};
		13C59BE72B45D6AD00B581DE /* Models */ = {
			isa = PBXGroup;
			children = (
			);
			path = Models;
			sourceTree = "<group>";
		};
		13C59BE82B45D6B400B581DE /* Utils */ = {
			isa = PBXGroup;
			children = (
			);
			path = Utils;
			sourceTree = "<group>";
		};
		13C59BE92B45D76E00B581DE /* Listings */ = {
			isa = PBXGroup;
			children = (
				13C59BF22B45DA5D00B581DE /* ListingItemView.swift */,
			);
			path = Listings;
			sourceTree = "<group>";
		};
		13C59BEA2B45D78A00B581DE /* MapView */ = {
			isa = PBXGroup;
			children = (
			);
			path = MapView;
			sourceTree = "<group>";
		};
		13C59BEB2B45D79200B581DE /* Explore */ = {
			isa = PBXGroup;
			children = (
				13C59BF02B45D8D500B581DE /* ExploreView.swift */,
			);
			path = Explore;
			sourceTree = "<group>";
		};
		13C59BEC2B45D79F00B581DE /* Profile */ = {
			isa = PBXGroup;
			children = (
			);
			path = Profile;
			sourceTree = "<group>";
		};
		13C59BED2B45D7AA00B581DE /* TabBar */ = {
			isa = PBXGroup;
			children = (
			);
			path = TabBar;
			sourceTree = "<group>";
		};
		13C59BEE2B45D7B200B581DE /* Wishlists */ = {
			isa = PBXGroup;
			children = (
			);
			path = Wishlists;
			sourceTree = "<group>";
		};
		13C59BEF2B45D7E500B581DE /* Root */ = {
			isa = PBXGroup;
			children = (
			);
			path = Root;
			sourceTree = "<group>";
		};
/* End PBXGroup section */

/* Begin PBXNativeTarget section */
		13C59BD22B45D66200B581DE /* discospot */ = {
			isa = PBXNativeTarget;
			buildConfigurationList = 13C59BE12B45D66300B581DE /* Build configuration list for PBXNativeTarget "discospot" */;
			buildPhases = (
				13C59BCF2B45D66200B581DE /* Sources */,
				13C59BD02B45D66200B581DE /* Frameworks */,
				13C59BD12B45D66200B581DE /* Resources */,
			);
			buildRules = (
			);
			dependencies = (
			);
			name = discospot;
			productName = discospot;
			productReference = 13C59BD32B45D66200B581DE /* discospot.app */;
			productType = "com.apple.product-type.application";
		};
/* End PBXNativeTarget section */

/* Begin PBXProject section */
		13C59BCB2B45D66200B581DE /* Project object */ = {
			isa = PBXProject;
			attributes = {
				BuildIndependentTargetsInParallel = 1;
				LastSwiftUpdateCheck = 1420;
				LastUpgradeCheck = 1420;
				TargetAttributes = {
					13C59BD22B45D66200B581DE = {
						CreatedOnToolsVersion = 14.2;
					};
				};
			};
			buildConfigurationList = 13C59BCE2B45D66200B581DE /* Build configuration list for PBXProject "discospot" */;
			compatibilityVersion = "Xcode 14.0";
			developmentRegion = en;
			hasScannedForEncodings = 0;
			knownRegions = (
				en,
				Base,
			);
			mainGroup = 13C59BCA2B45D66200B581DE;
			productRefGroup = 13C59BD42B45D66200B581DE /* Products */;
			projectDirPath = "";
			projectRoot = "";
			targets = (
				13C59BD22B45D66200B581DE /* discospot */,
			);
		};
/* End PBXProject section */

/* Begin PBXResourcesBuildPhase section */
		13C59BD12B45D66200B581DE /* Resources */ = {
			isa = PBXResourcesBuildPhase;
			buildActionMask = 2147483647;
			files = (
				13C59BDE2B45D66300B581DE /* Preview Assets.xcassets in Resources */,
				13C59BDB2B45D66300B581DE /* Assets.xcassets in Resources */,
			);
			runOnlyForDeploymentPostprocessing = 0;
		};
/* End PBXResourcesBuildPhase section */

/* Begin PBXSourcesBuildPhase section */
		13C59BCF2B45D66200B581DE /* Sources */ = {
			isa = PBXSourcesBuildPhase;
			buildActionMask = 2147483647;
			files = (
				13C59BD92B45D66200B581DE /* ContentView.swift in Sources */,
				13C59BF32B45DA5D00B581DE /* ListingItemView.swift in Sources */,
				13C59BF12B45D8D500B581DE /* ExploreView.swift in Sources */,
				13C59BD72B45D66200B581DE /* discospotApp.swift in Sources */,
			);
			runOnlyForDeploymentPostprocessing = 0;
		};
/* End PBXSourcesBuildPhase section */

/* Begin XCBuildConfiguration section */
		13C59BDF2B45D66300B581DE /* Debug */ = {
			isa = XCBuildConfiguration;
			buildSettings = {
				ALWAYS_SEARCH_USER_PATHS = NO;
				CLANG_ANALYZER_NONNULL = YES;
				CLANG_ANALYZER_NUMBER_OBJECT_CONVERSION = YES_AGGRESSIVE;
				CLANG_CXX_LANGUAGE_STANDARD = "gnu++20";
				CLANG_ENABLE_MODULES = YES;
				CLANG_ENABLE_OBJC_ARC = YES;
				CLANG_ENABLE_OBJC_WEAK = YES;
				CLANG_WARN_BLOCK_CAPTURE_AUTORELEASING = YES;
				CLANG_WARN_BOOL_CONVERSION = YES;
				CLANG_WARN_COMMA = YES;
				CLANG_WARN_CONSTANT_CONVERSION = YES;
				CLANG_WARN_DEPRECATED_OBJC_IMPLEMENTATIONS = YES;
				CLANG_WARN_DIRECT_OBJC_ISA_USAGE = YES_ERROR;
				CLANG_WARN_DOCUMENTATION_COMMENTS = YES;
				CLANG_WARN_EMPTY_BODY = YES;
				CLANG_WARN_ENUM_CONVERSION = YES;
				CLANG_WARN_INFINITE_RECURSION = YES;
				CLANG_WARN_INT_CONVERSION = YES;
				CLANG_WARN_NON_LITERAL_NULL_CONVERSION = YES;
				CLANG_WARN_OBJC_IMPLICIT_RETAIN_SELF = YES;
				CLANG_WARN_OBJC_LITERAL_CONVERSION = YES;
				CLANG_WARN_OBJC_ROOT_CLASS = YES_ERROR;
				CLANG_WARN_QUOTED_INCLUDE_IN_FRAMEWORK_HEADER = YES;
				CLANG_WARN_RANGE_LOOP_ANALYSIS = YES;
				CLANG_WARN_STRICT_PROTOTYPES = YES;
				CLANG_WARN_SUSPICIOUS_MOVE = YES;
				CLANG_WARN_UNGUARDED_AVAILABILITY = YES_AGGRESSIVE;
				CLANG_WARN_UNREACHABLE_CODE = YES;
				CLANG_WARN__DUPLICATE_METHOD_MATCH = YES;
				COPY_PHASE_STRIP = NO;
				DEBUG_INFORMATION_FORMAT = dwarf;
				ENABLE_STRICT_OBJC_MSGSEND = YES;
				ENABLE_TESTABILITY = YES;
				GCC_C_LANGUAGE_STANDARD = gnu11;
				GCC_DYNAMIC_NO_PIC = NO;
				GCC_NO_COMMON_BLOCKS = YES;
				GCC_OPTIMIZATION_LEVEL = 0;
				GCC_PREPROCESSOR_DEFINITIONS = (
					"DEBUG=1",
					"$(inherited)",
				);
				GCC_WARN_64_TO_32_BIT_CONVERSION = YES;
				GCC_WARN_ABOUT_RETURN_TYPE = YES_ERROR;
				GCC_WARN_UNDECLARED_SELECTOR = YES;
				GCC_WARN_UNINITIALIZED_AUTOS = YES_AGGRESSIVE;
				GCC_WARN_UNUSED_FUNCTION = YES;
				GCC_WARN_UNUSED_VARIABLE = YES;
				IPHONEOS_DEPLOYMENT_TARGET = 16.2;
				MTL_ENABLE_DEBUG_INFO = INCLUDE_SOURCE;
				MTL_FAST_MATH = YES;
				ONLY_ACTIVE_ARCH = YES;
				SDKROOT = iphoneos;
				SWIFT_ACTIVE_COMPILATION_CONDITIONS = DEBUG;
				SWIFT_OPTIMIZATION_LEVEL = "-Onone";
			};
			name = Debug;
		};
		13C59BE02B45D66300B581DE /* Release */ = {
			isa = XCBuildConfiguration;
			buildSettings = {
				ALWAYS_SEARCH_USER_PATHS = NO;
				CLANG_ANALYZER_NONNULL = YES;
				CLANG_ANALYZER_NUMBER_OBJECT_CONVERSION = YES_AGGRESSIVE;
				CLANG_CXX_LANGUAGE_STANDARD = "gnu++20";
				CLANG_ENABLE_MODULES = YES;
				CLANG_ENABLE_OBJC_ARC = YES;
				CLANG_ENABLE_OBJC_WEAK = YES;
				CLANG_WARN_BLOCK_CAPTURE_AUTORELEASING = YES;
				CLANG_WARN_BOOL_CONVERSION = YES;
				CLANG_WARN_COMMA = YES;
				CLANG_WARN_CONSTANT_CONVERSION = YES;
				CLANG_WARN_DEPRECATED_OBJC_IMPLEMENTATIONS = YES;
				CLANG_WARN_DIRECT_OBJC_ISA_USAGE = YES_ERROR;
				CLANG_WARN_DOCUMENTATION_COMMENTS = YES;
				CLANG_WARN_EMPTY_BODY = YES;
				CLANG_WARN_ENUM_CONVERSION = YES;
				CLANG_WARN_INFINITE_RECURSION = YES;
				CLANG_WARN_INT_CONVERSION = YES;
				CLANG_WARN_NON_LITERAL_NULL_CONVERSION = YES;
				CLANG_WARN_OBJC_IMPLICIT_RETAIN_SELF = YES;
				CLANG_WARN_OBJC_LITERAL_CONVERSION = YES;
				CLANG_WARN_OBJC_ROOT_CLASS = YES_ERROR;
				CLANG_WARN_QUOTED_INCLUDE_IN_FRAMEWORK_HEADER = YES;
				CLANG_WARN_RANGE_LOOP_ANALYSIS = YES;
				CLANG_WARN_STRICT_PROTOTYPES = YES;
				CLANG_WARN_SUSPICIOUS_MOVE = YES;
				CLANG_WARN_UNGUARDED_AVAILABILITY = YES_AGGRESSIVE;
				CLANG_WARN_UNREACHABLE_CODE = YES;
				CLANG_WARN__DUPLICATE_METHOD_MATCH = YES;
				COPY_PHASE_STRIP = NO;
				DEBUG_INFORMATION_FORMAT = "dwarf-with-dsym";
				ENABLE_NS_ASSERTIONS = NO;
				ENABLE_STRICT_OBJC_MSGSEND = YES;
				GCC_C_LANGUAGE_STANDARD = gnu11;
				GCC_NO_COMMON_BLOCKS = YES;
				GCC_WARN_64_TO_32_BIT_CONVERSION = YES;
				GCC_WARN_ABOUT_RETURN_TYPE = YES_ERROR;
				GCC_WARN_UNDECLARED_SELECTOR = YES;
				GCC_WARN_UNINITIALIZED_AUTOS = YES_AGGRESSIVE;
				GCC_WARN_UNUSED_FUNCTION = YES;
				GCC_WARN_UNUSED_VARIABLE = YES;
				IPHONEOS_DEPLOYMENT_TARGET = 16.2;
				MTL_ENABLE_DEBUG_INFO = NO;
				MTL_FAST_MATH = YES;
				SDKROOT = iphoneos;
				SWIFT_COMPILATION_MODE = wholemodule;
				SWIFT_OPTIMIZATION_LEVEL = "-O";
				VALIDATE_PRODUCT = YES;
			};
			name = Release;
		};
		13C59BE22B45D66300B581DE /* Debug */ = {
			isa = XCBuildConfiguration;
			buildSettings = {
				ASSETCATALOG_COMPILER_APPICON_NAME = AppIcon;
				ASSETCATALOG_COMPILER_GLOBAL_ACCENT_COLOR_NAME = AccentColor;
				CODE_SIGN_STYLE = Automatic;
				CURRENT_PROJECT_VERSION = 1;
				DEVELOPMENT_ASSET_PATHS = "\"discospot/Preview Content\"";
				DEVELOPMENT_TEAM = TD9PM64YP7;
				ENABLE_PREVIEWS = YES;
				GENERATE_INFOPLIST_FILE = YES;
				INFOPLIST_KEY_UIApplicationSceneManifest_Generation = YES;
				INFOPLIST_KEY_UIApplicationSupportsIndirectInputEvents = YES;
				INFOPLIST_KEY_UILaunchScreen_Generation = YES;
				INFOPLIST_KEY_UISupportedInterfaceOrientations_iPad = "UIInterfaceOrientationPortrait UIInterfaceOrientationPortraitUpsideDown UIInterfaceOrientationLandscapeLeft UIInterfaceOrientationLandscapeRight";
				INFOPLIST_KEY_UISupportedInterfaceOrientations_iPhone = "UIInterfaceOrientationPortrait UIInterfaceOrientationLandscapeLeft UIInterfaceOrientationLandscapeRight";
				LD_RUNPATH_SEARCH_PATHS = (
					"$(inherited)",
					"@executable_path/Frameworks",
				);
				MARKETING_VERSION = 1.0;
				PRODUCT_BUNDLE_IDENTIFIER = tavellidavide.discospot;
				PRODUCT_NAME = "$(TARGET_NAME)";
				SWIFT_EMIT_LOC_STRINGS = YES;
				SWIFT_VERSION = 5.0;
				TARGETED_DEVICE_FAMILY = "1,2";
			};
			name = Debug;
		};
		13C59BE32B45D66300B581DE /* Release */ = {
			isa = XCBuildConfiguration;
			buildSettings = {
				ASSETCATALOG_COMPILER_APPICON_NAME = AppIcon;
				ASSETCATALOG_COMPILER_GLOBAL_ACCENT_COLOR_NAME = AccentColor;
				CODE_SIGN_STYLE = Automatic;
				CURRENT_PROJECT_VERSION = 1;
				DEVELOPMENT_ASSET_PATHS = "\"discospot/Preview Content\"";
				DEVELOPMENT_TEAM = TD9PM64YP7;
				ENABLE_PREVIEWS = YES;
				GENERATE_INFOPLIST_FILE = YES;
				INFOPLIST_KEY_UIApplicationSceneManifest_Generation = YES;
				INFOPLIST_KEY_UIApplicationSupportsIndirectInputEvents = YES;
				INFOPLIST_KEY_UILaunchScreen_Generation = YES;
				INFOPLIST_KEY_UISupportedInterfaceOrientations_iPad = "UIInterfaceOrientationPortrait UIInterfaceOrientationPortraitUpsideDown UIInterfaceOrientationLandscapeLeft UIInterfaceOrientationLandscapeRight";
				INFOPLIST_KEY_UISupportedInterfaceOrientations_iPhone = "UIInterfaceOrientationPortrait UIInterfaceOrientationLandscapeLeft UIInterfaceOrientationLandscapeRight";
				LD_RUNPATH_SEARCH_PATHS = (
					"$(inherited)",
					"@executable_path/Frameworks",
				);
				MARKETING_VERSION = 1.0;
				PRODUCT_BUNDLE_IDENTIFIER = tavellidavide.discospot;
				PRODUCT_NAME = "$(TARGET_NAME)";
				SWIFT_EMIT_LOC_STRINGS = YES;
				SWIFT_VERSION = 5.0;
				TARGETED_DEVICE_FAMILY = "1,2";
			};
			name = Release;
		};
/* End XCBuildConfiguration section */

/* Begin XCConfigurationList section */
		13C59BCE2B45D66200B581DE /* Build configuration list for PBXProject "discospot" */ = {
			isa = XCConfigurationList;
			buildConfigurations = (
				13C59BDF2B45D66300B581DE /* Debug */,
				13C59BE02B45D66300B581DE /* Release */,
			);
			defaultConfigurationIsVisible = 0;
			defaultConfigurationName = Release;
		};
		13C59BE12B45D66300B581DE /* Build configuration list for PBXNativeTarget "discospot" */ = {
			isa = XCConfigurationList;
			buildConfigurations = (
				13C59BE22B45D66300B581DE /* Debug */,
				13C59BE32B45D66300B581DE /* Release */,
			);
			defaultConfigurationIsVisible = 0;
			defaultConfigurationName = Release;
		};
/* End XCConfigurationList section */
	};
	rootObject = 13C59BCB2B45D66200B581DE /* Project object */;
}
